// !$*UTF8*$!
{
	archiveVersion = 1;
	classes = {
	};
	objectVersion = 55;
	objects = {

/* Begin PBXBuildFile section */
		5B94932F2734049D0041AA6C /* HTTPURLResponse+StatusCode.swift in Sources */ = {isa = PBXBuildFile; fileRef = 5B94932E2734049D0041AA6C /* HTTPURLResponse+StatusCode.swift */; };
		5BA1927B272EAFD800320B25 /* HTTPClient.swift in Sources */ = {isa = PBXBuildFile; fileRef = 5BA1927A272EAFD800320B25 /* HTTPClient.swift */; };
		5BA1927D272EB06500320B25 /* FeedItemsMapper.swift in Sources */ = {isa = PBXBuildFile; fileRef = 5BA1927C272EB06500320B25 /* FeedItemsMapper.swift */; };
		5BED5021272C794300556FAE /* EssentialFeed.docc in Sources */ = {isa = PBXBuildFile; fileRef = 5BED5020272C794300556FAE /* EssentialFeed.docc */; };
		5BED5027272C794400556FAE /* EssentialFeed.framework in Frameworks */ = {isa = PBXBuildFile; fileRef = 5BED501C272C794300556FAE /* EssentialFeed.framework */; };
		5BED502D272C794400556FAE /* EssentialFeed.h in Headers */ = {isa = PBXBuildFile; fileRef = 5BED501F272C794300556FAE /* EssentialFeed.h */; settings = {ATTRIBUTES = (Public, ); }; };
		5BED5037272C798800556FAE /* FeedItem.swift in Sources */ = {isa = PBXBuildFile; fileRef = 5BED5036272C798800556FAE /* FeedItem.swift */; };
		5BED5039272C7BDA00556FAE /* FeedLoader.swift in Sources */ = {isa = PBXBuildFile; fileRef = 5BED5038272C7BDA00556FAE /* FeedLoader.swift */; };
		5BED5040272C9DA300556FAE /* RemoteFeedLoader.swift in Sources */ = {isa = PBXBuildFile; fileRef = 5BED503F272C9DA300556FAE /* RemoteFeedLoader.swift */; };
		5BED5043272CB63300556FAE /* RemoteFeedLoaderTests.swift in Sources */ = {isa = PBXBuildFile; fileRef = 5BED5042272CB63300556FAE /* RemoteFeedLoaderTests.swift */; };
		5BF62648273011D100CC7BC7 /* URLSessionHTTPClientTests.swift in Sources */ = {isa = PBXBuildFile; fileRef = 5BF62647273011D100CC7BC7 /* URLSessionHTTPClientTests.swift */; };
		5BF6264B2731ADD600CC7BC7 /* XCTestCase+MemoryLeakTrackingHelper.swift in Sources */ = {isa = PBXBuildFile; fileRef = 5BF6264A2731ADD600CC7BC7 /* XCTestCase+MemoryLeakTrackingHelper.swift */; };
		5BF6264D2731C9DA00CC7BC7 /* URLSessionHTTPClient.swift in Sources */ = {isa = PBXBuildFile; fileRef = 5BF6264C2731C9DA00CC7BC7 /* URLSessionHTTPClient.swift */; };
		5BF626552731F0BF00CC7BC7 /* EssentialFeedAPIEndToEndTests.swift in Sources */ = {isa = PBXBuildFile; fileRef = 5BF626542731F0BF00CC7BC7 /* EssentialFeedAPIEndToEndTests.swift */; };
		5BF626562731F0BF00CC7BC7 /* EssentialFeed.framework in Frameworks */ = {isa = PBXBuildFile; fileRef = 5BED501C272C794300556FAE /* EssentialFeed.framework */; };
		5BF6265C2731F6AE00CC7BC7 /* XCTestCase+MemoryLeakTrackingHelper.swift in Sources */ = {isa = PBXBuildFile; fileRef = 5BF6264A2731ADD600CC7BC7 /* XCTestCase+MemoryLeakTrackingHelper.swift */; };
/* End PBXBuildFile section */

/* Begin PBXContainerItemProxy section */
		5BED5028272C794400556FAE /* PBXContainerItemProxy */ = {
			isa = PBXContainerItemProxy;
			containerPortal = 5BED5013272C794300556FAE /* Project object */;
			proxyType = 1;
			remoteGlobalIDString = 5BED501B272C794300556FAE;
			remoteInfo = EssentialFeed;
		};
		5BF626572731F0BF00CC7BC7 /* PBXContainerItemProxy */ = {
			isa = PBXContainerItemProxy;
			containerPortal = 5BED5013272C794300556FAE /* Project object */;
			proxyType = 1;
			remoteGlobalIDString = 5BED501B272C794300556FAE;
			remoteInfo = EssentialFeed;
		};
/* End PBXContainerItemProxy section */

/* Begin PBXFileReference section */
		5B94932E2734049D0041AA6C /* HTTPURLResponse+StatusCode.swift */ = {isa = PBXFileReference; lastKnownFileType = sourcecode.swift; path = "HTTPURLResponse+StatusCode.swift"; sourceTree = "<group>"; };
		5BA1927A272EAFD800320B25 /* HTTPClient.swift */ = {isa = PBXFileReference; lastKnownFileType = sourcecode.swift; path = HTTPClient.swift; sourceTree = "<group>"; };
		5BA1927C272EB06500320B25 /* FeedItemsMapper.swift */ = {isa = PBXFileReference; lastKnownFileType = sourcecode.swift; path = FeedItemsMapper.swift; sourceTree = "<group>"; };
		5BED501C272C794300556FAE /* EssentialFeed.framework */ = {isa = PBXFileReference; explicitFileType = wrapper.framework; includeInIndex = 0; path = EssentialFeed.framework; sourceTree = BUILT_PRODUCTS_DIR; };
		5BED501F272C794300556FAE /* EssentialFeed.h */ = {isa = PBXFileReference; lastKnownFileType = sourcecode.c.h; path = EssentialFeed.h; sourceTree = "<group>"; };
		5BED5020272C794300556FAE /* EssentialFeed.docc */ = {isa = PBXFileReference; lastKnownFileType = folder.documentationcatalog; path = EssentialFeed.docc; sourceTree = "<group>"; };
		5BED5026272C794400556FAE /* EssentialFeedTests.xctest */ = {isa = PBXFileReference; explicitFileType = wrapper.cfbundle; includeInIndex = 0; path = EssentialFeedTests.xctest; sourceTree = BUILT_PRODUCTS_DIR; };
		5BED5036272C798800556FAE /* FeedItem.swift */ = {isa = PBXFileReference; lastKnownFileType = sourcecode.swift; path = FeedItem.swift; sourceTree = "<group>"; };
		5BED5038272C7BDA00556FAE /* FeedLoader.swift */ = {isa = PBXFileReference; lastKnownFileType = sourcecode.swift; path = FeedLoader.swift; sourceTree = "<group>"; };
		5BED503F272C9DA300556FAE /* RemoteFeedLoader.swift */ = {isa = PBXFileReference; lastKnownFileType = sourcecode.swift; path = RemoteFeedLoader.swift; sourceTree = "<group>"; };
		5BED5042272CB63300556FAE /* RemoteFeedLoaderTests.swift */ = {isa = PBXFileReference; lastKnownFileType = sourcecode.swift; path = RemoteFeedLoaderTests.swift; sourceTree = "<group>"; };
		5BF62647273011D100CC7BC7 /* URLSessionHTTPClientTests.swift */ = {isa = PBXFileReference; lastKnownFileType = sourcecode.swift; path = URLSessionHTTPClientTests.swift; sourceTree = "<group>"; };
		5BF6264A2731ADD600CC7BC7 /* XCTestCase+MemoryLeakTrackingHelper.swift */ = {isa = PBXFileReference; lastKnownFileType = sourcecode.swift; path = "XCTestCase+MemoryLeakTrackingHelper.swift"; sourceTree = "<group>"; };
		5BF6264C2731C9DA00CC7BC7 /* URLSessionHTTPClient.swift */ = {isa = PBXFileReference; lastKnownFileType = sourcecode.swift; path = URLSessionHTTPClient.swift; sourceTree = "<group>"; };
		5BF626522731F0BF00CC7BC7 /* EssentialFeedAPIEndToEndTests.xctest */ = {isa = PBXFileReference; explicitFileType = wrapper.cfbundle; includeInIndex = 0; path = EssentialFeedAPIEndToEndTests.xctest; sourceTree = BUILT_PRODUCTS_DIR; };
		5BF626542731F0BF00CC7BC7 /* EssentialFeedAPIEndToEndTests.swift */ = {isa = PBXFileReference; lastKnownFileType = sourcecode.swift; path = EssentialFeedAPIEndToEndTests.swift; sourceTree = "<group>"; };
/* End PBXFileReference section */

/* Begin PBXFrameworksBuildPhase section */
		5BED5019272C794300556FAE /* Frameworks */ = {
			isa = PBXFrameworksBuildPhase;
			buildActionMask = 2147483647;
			files = (
			);
			runOnlyForDeploymentPostprocessing = 0;
		};
		5BED5023272C794400556FAE /* Frameworks */ = {
			isa = PBXFrameworksBuildPhase;
			buildActionMask = 2147483647;
			files = (
				5BED5027272C794400556FAE /* EssentialFeed.framework in Frameworks */,
			);
			runOnlyForDeploymentPostprocessing = 0;
		};
		5BF6264F2731F0BF00CC7BC7 /* Frameworks */ = {
			isa = PBXFrameworksBuildPhase;
			buildActionMask = 2147483647;
			files = (
				5BF626562731F0BF00CC7BC7 /* EssentialFeed.framework in Frameworks */,
			);
			runOnlyForDeploymentPostprocessing = 0;
		};
/* End PBXFrameworksBuildPhase section */

/* Begin PBXGroup section */
		5B94932D273404690041AA6C /* Helpers */ = {
			isa = PBXGroup;
			children = (
				5B94932E2734049D0041AA6C /* HTTPURLResponse+StatusCode.swift */,
			);
			path = Helpers;
			sourceTree = "<group>";
		};
		5BCD6933272F4D2E00136AB2 /* FeedAPI */ = {
			isa = PBXGroup;
			children = (
				5BF626492731AD7F00CC7BC7 /* Helpers */,
				5BED5042272CB63300556FAE /* RemoteFeedLoaderTests.swift */,
				5BF62647273011D100CC7BC7 /* URLSessionHTTPClientTests.swift */,
			);
			path = FeedAPI;
			sourceTree = "<group>";
		};
		5BED5012272C794300556FAE = {
			isa = PBXGroup;
			children = (
				5BED501E272C794300556FAE /* EssentialFeed */,
				5BED502A272C794400556FAE /* EssentialFeedTests */,
				5BF626532731F0BF00CC7BC7 /* EssentialFeedAPIEndToEndTests */,
				5BED501D272C794300556FAE /* Products */,
			);
			sourceTree = "<group>";
		};
		5BED501D272C794300556FAE /* Products */ = {
			isa = PBXGroup;
			children = (
				5BED501C272C794300556FAE /* EssentialFeed.framework */,
				5BED5026272C794400556FAE /* EssentialFeedTests.xctest */,
				5BF626522731F0BF00CC7BC7 /* EssentialFeedAPIEndToEndTests.xctest */,
			);
			name = Products;
			sourceTree = "<group>";
		};
		5BED501E272C794300556FAE /* EssentialFeed */ = {
			isa = PBXGroup;
			children = (
				5BED501F272C794300556FAE /* EssentialFeed.h */,
				5BED5020272C794300556FAE /* EssentialFeed.docc */,
				5BED503B272C7FA900556FAE /* Feed Feature */,
				5BED503E272C9D5C00556FAE /* Feed Api */,
			);
			path = EssentialFeed;
			sourceTree = "<group>";
		};
		5BED502A272C794400556FAE /* EssentialFeedTests */ = {
			isa = PBXGroup;
			children = (
				5BCD6933272F4D2E00136AB2 /* FeedAPI */,
			);
			path = EssentialFeedTests;
			sourceTree = "<group>";
		};
		5BED503B272C7FA900556FAE /* Feed Feature */ = {
			isa = PBXGroup;
			children = (
				5BED5036272C798800556FAE /* FeedItem.swift */,
				5BED5038272C7BDA00556FAE /* FeedLoader.swift */,
			);
			path = "Feed Feature";
			sourceTree = "<group>";
		};
		5BED503E272C9D5C00556FAE /* Feed Api */ = {
			isa = PBXGroup;
			children = (
				5B94932D273404690041AA6C /* Helpers */,
				5BA1927A272EAFD800320B25 /* HTTPClient.swift */,
				5BA1927C272EB06500320B25 /* FeedItemsMapper.swift */,
				5BED503F272C9DA300556FAE /* RemoteFeedLoader.swift */,
				5BF6264C2731C9DA00CC7BC7 /* URLSessionHTTPClient.swift */,
			);
			path = "Feed Api";
			sourceTree = "<group>";
		};
		5BF626492731AD7F00CC7BC7 /* Helpers */ = {
			isa = PBXGroup;
			children = (
				5BF6264A2731ADD600CC7BC7 /* XCTestCase+MemoryLeakTrackingHelper.swift */,
			);
			path = Helpers;
			sourceTree = "<group>";
		};
		5BF626532731F0BF00CC7BC7 /* EssentialFeedAPIEndToEndTests */ = {
			isa = PBXGroup;
			children = (
				5BF626542731F0BF00CC7BC7 /* EssentialFeedAPIEndToEndTests.swift */,
			);
			path = EssentialFeedAPIEndToEndTests;
			sourceTree = "<group>";
		};
/* End PBXGroup section */

/* Begin PBXHeadersBuildPhase section */
		5BED5017272C794300556FAE /* Headers */ = {
			isa = PBXHeadersBuildPhase;
			buildActionMask = 2147483647;
			files = (
				5BED502D272C794400556FAE /* EssentialFeed.h in Headers */,
			);
			runOnlyForDeploymentPostprocessing = 0;
		};
/* End PBXHeadersBuildPhase section */

/* Begin PBXNativeTarget section */
		5BED501B272C794300556FAE /* EssentialFeed */ = {
			isa = PBXNativeTarget;
			buildConfigurationList = 5BED5030272C794400556FAE /* Build configuration list for PBXNativeTarget "EssentialFeed" */;
			buildPhases = (
				5BED5017272C794300556FAE /* Headers */,
				5BED5018272C794300556FAE /* Sources */,
				5BED5019272C794300556FAE /* Frameworks */,
				5BED501A272C794300556FAE /* Resources */,
			);
			buildRules = (
			);
			dependencies = (
			);
			name = EssentialFeed;
			productName = EssentialFeed;
			productReference = 5BED501C272C794300556FAE /* EssentialFeed.framework */;
			productType = "com.apple.product-type.framework";
		};
		5BED5025272C794400556FAE /* EssentialFeedTests */ = {
			isa = PBXNativeTarget;
			buildConfigurationList = 5BED5033272C794400556FAE /* Build configuration list for PBXNativeTarget "EssentialFeedTests" */;
			buildPhases = (
				5BED5022272C794400556FAE /* Sources */,
				5BED5023272C794400556FAE /* Frameworks */,
				5BED5024272C794400556FAE /* Resources */,
			);
			buildRules = (
			);
			dependencies = (
				5BED5029272C794400556FAE /* PBXTargetDependency */,
			);
			name = EssentialFeedTests;
			productName = EssentialFeedTests;
			productReference = 5BED5026272C794400556FAE /* EssentialFeedTests.xctest */;
			productType = "com.apple.product-type.bundle.unit-test";
		};
		5BF626512731F0BF00CC7BC7 /* EssentialFeedAPIEndToEndTests */ = {
			isa = PBXNativeTarget;
			buildConfigurationList = 5BF626592731F0BF00CC7BC7 /* Build configuration list for PBXNativeTarget "EssentialFeedAPIEndToEndTests" */;
			buildPhases = (
				5BF6264E2731F0BF00CC7BC7 /* Sources */,
				5BF6264F2731F0BF00CC7BC7 /* Frameworks */,
				5BF626502731F0BF00CC7BC7 /* Resources */,
			);
			buildRules = (
			);
			dependencies = (
				5BF626582731F0BF00CC7BC7 /* PBXTargetDependency */,
			);
			name = EssentialFeedAPIEndToEndTests;
			productName = EssentialFeedAPIEndToEndTests;
			productReference = 5BF626522731F0BF00CC7BC7 /* EssentialFeedAPIEndToEndTests.xctest */;
			productType = "com.apple.product-type.bundle.unit-test";
		};
/* End PBXNativeTarget section */

/* Begin PBXProject section */
		5BED5013272C794300556FAE /* Project object */ = {
			isa = PBXProject;
			attributes = {
				BuildIndependentTargetsInParallel = 1;
				LastSwiftUpdateCheck = 1300;
				LastUpgradeCheck = 1300;
				TargetAttributes = {
					5BED501B272C794300556FAE = {
						CreatedOnToolsVersion = 13.0;
					};
					5BED5025272C794400556FAE = {
						CreatedOnToolsVersion = 13.0;
						LastSwiftMigration = 1300;
					};
					5BF626512731F0BF00CC7BC7 = {
						CreatedOnToolsVersion = 13.0;
					};
				};
			};
			buildConfigurationList = 5BED5016272C794300556FAE /* Build configuration list for PBXProject "EssentialFeed" */;
			compatibilityVersion = "Xcode 13.0";
			developmentRegion = en;
			hasScannedForEncodings = 0;
			knownRegions = (
				en,
				Base,
			);
			mainGroup = 5BED5012272C794300556FAE;
			productRefGroup = 5BED501D272C794300556FAE /* Products */;
			projectDirPath = "";
			projectRoot = "";
			targets = (
				5BED501B272C794300556FAE /* EssentialFeed */,
				5BED5025272C794400556FAE /* EssentialFeedTests */,
				5BF626512731F0BF00CC7BC7 /* EssentialFeedAPIEndToEndTests */,
			);
		};
/* End PBXProject section */

/* Begin PBXResourcesBuildPhase section */
		5BED501A272C794300556FAE /* Resources */ = {
			isa = PBXResourcesBuildPhase;
			buildActionMask = 2147483647;
			files = (
			);
			runOnlyForDeploymentPostprocessing = 0;
		};
		5BED5024272C794400556FAE /* Resources */ = {
			isa = PBXResourcesBuildPhase;
			buildActionMask = 2147483647;
			files = (
			);
			runOnlyForDeploymentPostprocessing = 0;
		};
		5BF626502731F0BF00CC7BC7 /* Resources */ = {
			isa = PBXResourcesBuildPhase;
			buildActionMask = 2147483647;
			files = (
			);
			runOnlyForDeploymentPostprocessing = 0;
		};
/* End PBXResourcesBuildPhase section */

/* Begin PBXSourcesBuildPhase section */
		5BED5018272C794300556FAE /* Sources */ = {
			isa = PBXSourcesBuildPhase;
			buildActionMask = 2147483647;
			files = (
				5BF6264D2731C9DA00CC7BC7 /* URLSessionHTTPClient.swift in Sources */,
				5BED5040272C9DA300556FAE /* RemoteFeedLoader.swift in Sources */,
				5BA1927B272EAFD800320B25 /* HTTPClient.swift in Sources */,
				5BED5039272C7BDA00556FAE /* FeedLoader.swift in Sources */,
				5BA1927D272EB06500320B25 /* FeedItemsMapper.swift in Sources */,
				5BED5021272C794300556FAE /* EssentialFeed.docc in Sources */,
				5B94932F2734049D0041AA6C /* HTTPURLResponse+StatusCode.swift in Sources */,
				5BED5037272C798800556FAE /* FeedItem.swift in Sources */,
			);
			runOnlyForDeploymentPostprocessing = 0;
		};
		5BED5022272C794400556FAE /* Sources */ = {
			isa = PBXSourcesBuildPhase;
			buildActionMask = 2147483647;
			files = (
				5BED5043272CB63300556FAE /* RemoteFeedLoaderTests.swift in Sources */,
				5BF62648273011D100CC7BC7 /* URLSessionHTTPClientTests.swift in Sources */,
				5BF6264B2731ADD600CC7BC7 /* XCTestCase+MemoryLeakTrackingHelper.swift in Sources */,
			);
			runOnlyForDeploymentPostprocessing = 0;
		};
		5BF6264E2731F0BF00CC7BC7 /* Sources */ = {
			isa = PBXSourcesBuildPhase;
			buildActionMask = 2147483647;
			files = (
				5BF626552731F0BF00CC7BC7 /* EssentialFeedAPIEndToEndTests.swift in Sources */,
				5BF6265C2731F6AE00CC7BC7 /* XCTestCase+MemoryLeakTrackingHelper.swift in Sources */,
			);
			runOnlyForDeploymentPostprocessing = 0;
		};
/* End PBXSourcesBuildPhase section */

/* Begin PBXTargetDependency section */
		5BED5029272C794400556FAE /* PBXTargetDependency */ = {
			isa = PBXTargetDependency;
			target = 5BED501B272C794300556FAE /* EssentialFeed */;
			targetProxy = 5BED5028272C794400556FAE /* PBXContainerItemProxy */;
		};
		5BF626582731F0BF00CC7BC7 /* PBXTargetDependency */ = {
			isa = PBXTargetDependency;
			target = 5BED501B272C794300556FAE /* EssentialFeed */;
			targetProxy = 5BF626572731F0BF00CC7BC7 /* PBXContainerItemProxy */;
		};
/* End PBXTargetDependency section */

/* Begin XCBuildConfiguration section */
		5BED502E272C794400556FAE /* Debug */ = {
			isa = XCBuildConfiguration;
			buildSettings = {
				ALWAYS_SEARCH_USER_PATHS = NO;
				CLANG_ANALYZER_NONNULL = YES;
				CLANG_ANALYZER_NUMBER_OBJECT_CONVERSION = YES_AGGRESSIVE;
				CLANG_CXX_LANGUAGE_STANDARD = "gnu++17";
				CLANG_CXX_LIBRARY = "libc++";
				CLANG_ENABLE_MODULES = YES;
				CLANG_ENABLE_OBJC_ARC = YES;
				CLANG_ENABLE_OBJC_WEAK = YES;
				CLANG_WARN_BLOCK_CAPTURE_AUTORELEASING = YES;
				CLANG_WARN_BOOL_CONVERSION = YES;
				CLANG_WARN_COMMA = YES;
				CLANG_WARN_CONSTANT_CONVERSION = YES;
				CLANG_WARN_DEPRECATED_OBJC_IMPLEMENTATIONS = YES;
				CLANG_WARN_DIRECT_OBJC_ISA_USAGE = YES_ERROR;
				CLANG_WARN_DOCUMENTATION_COMMENTS = YES;
				CLANG_WARN_EMPTY_BODY = YES;
				CLANG_WARN_ENUM_CONVERSION = YES;
				CLANG_WARN_INFINITE_RECURSION = YES;
				CLANG_WARN_INT_CONVERSION = YES;
				CLANG_WARN_NON_LITERAL_NULL_CONVERSION = YES;
				CLANG_WARN_OBJC_IMPLICIT_RETAIN_SELF = YES;
				CLANG_WARN_OBJC_LITERAL_CONVERSION = YES;
				CLANG_WARN_OBJC_ROOT_CLASS = YES_ERROR;
				CLANG_WARN_QUOTED_INCLUDE_IN_FRAMEWORK_HEADER = YES;
				CLANG_WARN_RANGE_LOOP_ANALYSIS = YES;
				CLANG_WARN_STRICT_PROTOTYPES = YES;
				CLANG_WARN_SUSPICIOUS_MOVE = YES;
				CLANG_WARN_UNGUARDED_AVAILABILITY = YES_AGGRESSIVE;
				CLANG_WARN_UNREACHABLE_CODE = YES;
				CLANG_WARN__DUPLICATE_METHOD_MATCH = YES;
				COPY_PHASE_STRIP = NO;
				CURRENT_PROJECT_VERSION = 1;
				DEBUG_INFORMATION_FORMAT = dwarf;
				ENABLE_STRICT_OBJC_MSGSEND = YES;
				ENABLE_TESTABILITY = YES;
				GCC_C_LANGUAGE_STANDARD = gnu11;
				GCC_DYNAMIC_NO_PIC = NO;
				GCC_NO_COMMON_BLOCKS = YES;
				GCC_OPTIMIZATION_LEVEL = 0;
				GCC_PREPROCESSOR_DEFINITIONS = (
					"DEBUG=1",
					"$(inherited)",
				);
				GCC_WARN_64_TO_32_BIT_CONVERSION = YES;
				GCC_WARN_ABOUT_RETURN_TYPE = YES_ERROR;
				GCC_WARN_UNDECLARED_SELECTOR = YES;
				GCC_WARN_UNINITIALIZED_AUTOS = YES_AGGRESSIVE;
				GCC_WARN_UNUSED_FUNCTION = YES;
				GCC_WARN_UNUSED_VARIABLE = YES;
				MACOSX_DEPLOYMENT_TARGET = 11.3;
				MTL_ENABLE_DEBUG_INFO = INCLUDE_SOURCE;
				MTL_FAST_MATH = YES;
				ONLY_ACTIVE_ARCH = YES;
				SDKROOT = macosx;
				SWIFT_ACTIVE_COMPILATION_CONDITIONS = DEBUG;
				SWIFT_OPTIMIZATION_LEVEL = "-Onone";
				VERSIONING_SYSTEM = "apple-generic";
				VERSION_INFO_PREFIX = "";
			};
			name = Debug;
		};
		5BED502F272C794400556FAE /* Release */ = {
			isa = XCBuildConfiguration;
			buildSettings = {
				ALWAYS_SEARCH_USER_PATHS = NO;
				CLANG_ANALYZER_NONNULL = YES;
				CLANG_ANALYZER_NUMBER_OBJECT_CONVERSION = YES_AGGRESSIVE;
				CLANG_CXX_LANGUAGE_STANDARD = "gnu++17";
				CLANG_CXX_LIBRARY = "libc++";
				CLANG_ENABLE_MODULES = YES;
				CLANG_ENABLE_OBJC_ARC = YES;
				CLANG_ENABLE_OBJC_WEAK = YES;
				CLANG_WARN_BLOCK_CAPTURE_AUTORELEASING = YES;
				CLANG_WARN_BOOL_CONVERSION = YES;
				CLANG_WARN_COMMA = YES;
				CLANG_WARN_CONSTANT_CONVERSION = YES;
				CLANG_WARN_DEPRECATED_OBJC_IMPLEMENTATIONS = YES;
				CLANG_WARN_DIRECT_OBJC_ISA_USAGE = YES_ERROR;
				CLANG_WARN_DOCUMENTATION_COMMENTS = YES;
				CLANG_WARN_EMPTY_BODY = YES;
				CLANG_WARN_ENUM_CONVERSION = YES;
				CLANG_WARN_INFINITE_RECURSION = YES;
				CLANG_WARN_INT_CONVERSION = YES;
				CLANG_WARN_NON_LITERAL_NULL_CONVERSION = YES;
				CLANG_WARN_OBJC_IMPLICIT_RETAIN_SELF = YES;
				CLANG_WARN_OBJC_LITERAL_CONVERSION = YES;
				CLANG_WARN_OBJC_ROOT_CLASS = YES_ERROR;
				CLANG_WARN_QUOTED_INCLUDE_IN_FRAMEWORK_HEADER = YES;
				CLANG_WARN_RANGE_LOOP_ANALYSIS = YES;
				CLANG_WARN_STRICT_PROTOTYPES = YES;
				CLANG_WARN_SUSPICIOUS_MOVE = YES;
				CLANG_WARN_UNGUARDED_AVAILABILITY = YES_AGGRESSIVE;
				CLANG_WARN_UNREACHABLE_CODE = YES;
				CLANG_WARN__DUPLICATE_METHOD_MATCH = YES;
				COPY_PHASE_STRIP = NO;
				CURRENT_PROJECT_VERSION = 1;
				DEBUG_INFORMATION_FORMAT = "dwarf-with-dsym";
				ENABLE_NS_ASSERTIONS = NO;
				ENABLE_STRICT_OBJC_MSGSEND = YES;
				GCC_C_LANGUAGE_STANDARD = gnu11;
				GCC_NO_COMMON_BLOCKS = YES;
				GCC_WARN_64_TO_32_BIT_CONVERSION = YES;
				GCC_WARN_ABOUT_RETURN_TYPE = YES_ERROR;
				GCC_WARN_UNDECLARED_SELECTOR = YES;
				GCC_WARN_UNINITIALIZED_AUTOS = YES_AGGRESSIVE;
				GCC_WARN_UNUSED_FUNCTION = YES;
				GCC_WARN_UNUSED_VARIABLE = YES;
				MACOSX_DEPLOYMENT_TARGET = 11.3;
				MTL_ENABLE_DEBUG_INFO = NO;
				MTL_FAST_MATH = YES;
				SDKROOT = macosx;
				SWIFT_COMPILATION_MODE = wholemodule;
				SWIFT_OPTIMIZATION_LEVEL = "-O";
				VERSIONING_SYSTEM = "apple-generic";
				VERSION_INFO_PREFIX = "";
			};
			name = Release;
		};
		5BED5031272C794400556FAE /* Debug */ = {
			isa = XCBuildConfiguration;
			buildSettings = {
				CODE_SIGN_STYLE = Automatic;
				COMBINE_HIDPI_IMAGES = YES;
				CURRENT_PROJECT_VERSION = 1;
				DEFINES_MODULE = YES;
				DEVELOPMENT_TEAM = 5RLD3B22VC;
				DYLIB_COMPATIBILITY_VERSION = 1;
				DYLIB_CURRENT_VERSION = 1;
				DYLIB_INSTALL_NAME_BASE = "@rpath";
				GENERATE_INFOPLIST_FILE = YES;
				INFOPLIST_KEY_NSHumanReadableCopyright = "";
				INSTALL_PATH = "$(LOCAL_LIBRARY_DIR)/Frameworks";
				LD_RUNPATH_SEARCH_PATHS = (
					"$(inherited)",
					"@executable_path/../Frameworks",
					"@loader_path/Frameworks",
				);
				MARKETING_VERSION = 1.0;
				PRODUCT_BUNDLE_IDENTIFIER = com.BlueCrunch.EssentialFeed;
				PRODUCT_NAME = "$(TARGET_NAME:c99extidentifier)";
				SKIP_INSTALL = YES;
				SWIFT_EMIT_LOC_STRINGS = YES;
				SWIFT_VERSION = 5.0;
			};
			name = Debug;
		};
		5BED5032272C794400556FAE /* Release */ = {
			isa = XCBuildConfiguration;
			buildSettings = {
				CODE_SIGN_STYLE = Automatic;
				COMBINE_HIDPI_IMAGES = YES;
				CURRENT_PROJECT_VERSION = 1;
				DEFINES_MODULE = YES;
				DEVELOPMENT_TEAM = 5RLD3B22VC;
				DYLIB_COMPATIBILITY_VERSION = 1;
				DYLIB_CURRENT_VERSION = 1;
				DYLIB_INSTALL_NAME_BASE = "@rpath";
				GENERATE_INFOPLIST_FILE = YES;
				INFOPLIST_KEY_NSHumanReadableCopyright = "";
				INSTALL_PATH = "$(LOCAL_LIBRARY_DIR)/Frameworks";
				LD_RUNPATH_SEARCH_PATHS = (
					"$(inherited)",
					"@executable_path/../Frameworks",
					"@loader_path/Frameworks",
				);
				MARKETING_VERSION = 1.0;
				PRODUCT_BUNDLE_IDENTIFIER = com.BlueCrunch.EssentialFeed;
				PRODUCT_NAME = "$(TARGET_NAME:c99extidentifier)";
				SKIP_INSTALL = YES;
				SWIFT_EMIT_LOC_STRINGS = YES;
				SWIFT_VERSION = 5.0;
			};
			name = Release;
		};
		5BED5034272C794400556FAE /* Debug */ = {
			isa = XCBuildConfiguration;
			buildSettings = {
				ALWAYS_EMBED_SWIFT_STANDARD_LIBRARIES = YES;
				CLANG_ENABLE_MODULES = YES;
				CODE_SIGN_STYLE = Automatic;
				COMBINE_HIDPI_IMAGES = YES;
				CURRENT_PROJECT_VERSION = 1;
				DEVELOPMENT_TEAM = 5RLD3B22VC;
				GENERATE_INFOPLIST_FILE = YES;
				LD_RUNPATH_SEARCH_PATHS = (
					"$(inherited)",
					"@executable_path/../Frameworks",
					"@loader_path/../Frameworks",
				);
				MARKETING_VERSION = 1.0;
				PRODUCT_BUNDLE_IDENTIFIER = com.BlueCrunch.EssentialFeedTests;
				PRODUCT_NAME = "$(TARGET_NAME)";
				SWIFT_EMIT_LOC_STRINGS = NO;
				SWIFT_OPTIMIZATION_LEVEL = "-Onone";
				SWIFT_VERSION = 5.0;
			};
			name = Debug;
		};
		5BED5035272C794400556FAE /* Release */ = {
			isa = XCBuildConfiguration;
			buildSettings = {
				ALWAYS_EMBED_SWIFT_STANDARD_LIBRARIES = YES;
				CLANG_ENABLE_MODULES = YES;
				CODE_SIGN_STYLE = Automatic;
				COMBINE_HIDPI_IMAGES = YES;
				CURRENT_PROJECT_VERSION = 1;
				DEVELOPMENT_TEAM = 5RLD3B22VC;
				GENERATE_INFOPLIST_FILE = YES;
				LD_RUNPATH_SEARCH_PATHS = (
					"$(inherited)",
					"@executable_path/../Frameworks",
					"@loader_path/../Frameworks",
				);
				MARKETING_VERSION = 1.0;
				PRODUCT_BUNDLE_IDENTIFIER = com.BlueCrunch.EssentialFeedTests;
				PRODUCT_NAME = "$(TARGET_NAME)";
				SWIFT_EMIT_LOC_STRINGS = NO;
				SWIFT_VERSION = 5.0;
			};
			name = Release;
		};
		5BF6265A2731F0BF00CC7BC7 /* Debug */ = {
			isa = XCBuildConfiguration;
			buildSettings = {
				CODE_SIGN_STYLE = Automatic;
				COMBINE_HIDPI_IMAGES = YES;
				CURRENT_PROJECT_VERSION = 1;
				DEVELOPMENT_TEAM = 5RLD3B22VC;
				GENERATE_INFOPLIST_FILE = YES;
				LD_RUNPATH_SEARCH_PATHS = (
					"$(inherited)",
					"@executable_path/../Frameworks",
					"@loader_path/../Frameworks",
				);
				MARKETING_VERSION = 1.0;
				PRODUCT_BUNDLE_IDENTIFIER = com.BlueCrunch.EssentialFeedAPIEndToEndTests;
				PRODUCT_NAME = "$(TARGET_NAME)";
				SWIFT_EMIT_LOC_STRINGS = NO;
				SWIFT_VERSION = 5.0;
			};
			name = Debug;
		};
		5BF6265B2731F0BF00CC7BC7 /* Release */ = {
			isa = XCBuildConfiguration;
			buildSettings = {
				CODE_SIGN_STYLE = Automatic;
				COMBINE_HIDPI_IMAGES = YES;
				CURRENT_PROJECT_VERSION = 1;
				DEVELOPMENT_TEAM = 5RLD3B22VC;
				GENERATE_INFOPLIST_FILE = YES;
				LD_RUNPATH_SEARCH_PATHS = (
					"$(inherited)",
					"@executable_path/../Frameworks",
					"@loader_path/../Frameworks",
				);
				MARKETING_VERSION = 1.0;
				PRODUCT_BUNDLE_IDENTIFIER = com.BlueCrunch.EssentialFeedAPIEndToEndTests;
				PRODUCT_NAME = "$(TARGET_NAME)";
				SWIFT_EMIT_LOC_STRINGS = NO;
				SWIFT_VERSION = 5.0;
			};
			name = Release;
		};
/* End XCBuildConfiguration section */

/* Begin XCConfigurationList section */
		5BED5016272C794300556FAE /* Build configuration list for PBXProject "EssentialFeed" */ = {
			isa = XCConfigurationList;
			buildConfigurations = (
				5BED502E272C794400556FAE /* Debug */,
				5BED502F272C794400556FAE /* Release */,
			);
			defaultConfigurationIsVisible = 0;
			defaultConfigurationName = Release;
		};
		5BED5030272C794400556FAE /* Build configuration list for PBXNativeTarget "EssentialFeed" */ = {
			isa = XCConfigurationList;
			buildConfigurations = (
				5BED5031272C794400556FAE /* Debug */,
				5BED5032272C794400556FAE /* Release */,
			);
			defaultConfigurationIsVisible = 0;
			defaultConfigurationName = Release;
		};
		5BED5033272C794400556FAE /* Build configuration list for PBXNativeTarget "EssentialFeedTests" */ = {
			isa = XCConfigurationList;
			buildConfigurations = (
				5BED5034272C794400556FAE /* Debug */,
				5BED5035272C794400556FAE /* Release */,
			);
			defaultConfigurationIsVisible = 0;
			defaultConfigurationName = Release;
		};
		5BF626592731F0BF00CC7BC7 /* Build configuration list for PBXNativeTarget "EssentialFeedAPIEndToEndTests" */ = {
			isa = XCConfigurationList;
			buildConfigurations = (
				5BF6265A2731F0BF00CC7BC7 /* Debug */,
				5BF6265B2731F0BF00CC7BC7 /* Release */,
			);
			defaultConfigurationIsVisible = 0;
			defaultConfigurationName = Release;
		};
/* End XCConfigurationList section */
	};
	rootObject = 5BED5013272C794300556FAE /* Project object */;
}
